
Microsoft Visual Studio Solution File, Format Version 12.00
# Visual Studio Version 17
VisualStudioVersion = 17.3.32929.385
MinimumVisualStudioVersion = 10.0.40219.1
Project("{FAE04EC0-301F-11D3-BF4B-00C04F79EFBC}") = "TizenegyedikHet_QYZ7R7", "TizenegyedikHet_QYZ7R7\TizenegyedikHet_QYZ7R7.csproj", "{F2E81FB4-BB88-4201-89E4-4521AD655D7E}"
EndProject
Global
	GlobalSection(SolutionConfigurationPlatforms) = preSolution
		Debug|Any CPU = Debug|Any CPU
		Release|Any CPU = Release|Any CPU
	EndGlobalSection
	GlobalSection(ProjectConfigurationPlatforms) = postSolution
		{F2E81FB4-BB88-4201-89E4-4521AD655D7E}.Debug|Any CPU.ActiveCfg = Debug|Any CPU
		{F2E81FB4-BB88-4201-89E4-4521AD655D7E}.Debug|Any CPU.Build.0 = Debug|Any CPU
		{F2E81FB4-BB88-4201-89E4-4521AD655D7E}.Release|Any CPU.ActiveCfg = Release|Any CPU
		{F2E81FB4-BB88-4201-89E4-4521AD655D7E}.Release|Any CPU.Build.0 = Release|Any CPU
	EndGlobalSection
	GlobalSection(SolutionProperties) = preSolution
		HideSolutionNode = FALSE
	EndGlobalSection
	GlobalSection(ExtensibilityGlobals) = postSolution
		SolutionGuid = {D56BE777-CE70-49BA-8ED1-942EC79A2D0A}
	EndGlobalSection
EndGlobal
